
Microsoft Visual Studio Solution File, Format Version 12.00
# Visual Studio Version 17
VisualStudioVersion = 17.1.32407.343
MinimumVisualStudioVersion = 10.0.40219.1
Project("{FAE04EC0-301F-11D3-BF4B-00C04F79EFBC}") = "QuartzRedisJobStoreCore.JobStore", "QuartzRedisJobStoreCore.JobStore\QuartzRedisJobStoreCore.JobStore.csproj", "{F756D71B-962B-4504-8151-492D347972ED}"
EndProject
Project("{FAE04EC0-301F-11D3-BF4B-00C04F79EFBC}") = "QuartzRedisJobStoreCore.UnitTest", "QuartzRedisJobStoreCore.UnitTest\QuartzRedisJobStoreCore.UnitTest.csproj", "{9D875994-49DF-4F6B-B0D1-25D777C1296E}"
EndProject
Global
	GlobalSection(SolutionConfigurationPlatforms) = preSolution
		Debug|Any CPU = Debug|Any CPU
		Release|Any CPU = Release|Any CPU
	EndGlobalSection
	GlobalSection(ProjectConfigurationPlatforms) = postSolution
		{F756D71B-962B-4504-8151-492D347972ED}.Debug|Any CPU.ActiveCfg = Debug|Any CPU
		{F756D71B-962B-4504-8151-492D347972ED}.Debug|Any CPU.Build.0 = Debug|Any CPU
		{F756D71B-962B-4504-8151-492D347972ED}.Release|Any CPU.ActiveCfg = Release|Any CPU
		{F756D71B-962B-4504-8151-492D347972ED}.Release|Any CPU.Build.0 = Release|Any CPU
		{9D875994-49DF-4F6B-B0D1-25D777C1296E}.Debug|Any CPU.ActiveCfg = Debug|Any CPU
		{9D875994-49DF-4F6B-B0D1-25D777C1296E}.Debug|Any CPU.Build.0 = Debug|Any CPU
		{9D875994-49DF-4F6B-B0D1-25D777C1296E}.Release|Any CPU.ActiveCfg = Release|Any CPU
		{9D875994-49DF-4F6B-B0D1-25D777C1296E}.Release|Any CPU.Build.0 = Release|Any CPU
	EndGlobalSection
	GlobalSection(SolutionProperties) = preSolution
		HideSolutionNode = FALSE
	EndGlobalSection
	GlobalSection(ExtensibilityGlobals) = postSolution
		SolutionGuid = {3CA61490-F7DA-40F7-961B-84E927F05379}
	EndGlobalSection
EndGlobal
